
Microsoft Visual Studio Solution File, Format Version 12.00
# Visual Studio 14
VisualStudioVersion = 14.0.23107.0
MinimumVisualStudioVersion = 10.0.40219.1
Project("{FAE04EC0-301F-11D3-BF4B-00C04F79EFBC}") = "TAIO", "TAIO\TAIO.csproj", "{9586C3D0-0285-4FB7-B9E2-35DE51D1BA47}"
EndProject
Project("{FAE04EC0-301F-11D3-BF4B-00C04F79EFBC}") = "TAIOTest", "TAIOTest\TAIOTest.csproj", "{A10A4B64-084C-4DA3-B088-E886949D5A49}"
EndProject
Global
	GlobalSection(SolutionConfigurationPlatforms) = preSolution
		Debug|Any CPU = Debug|Any CPU
		Release|Any CPU = Release|Any CPU
	EndGlobalSection
	GlobalSection(ProjectConfigurationPlatforms) = postSolution
		{9586C3D0-0285-4FB7-B9E2-35DE51D1BA47}.Debug|Any CPU.ActiveCfg = Debug|Any CPU
		{9586C3D0-0285-4FB7-B9E2-35DE51D1BA47}.Debug|Any CPU.Build.0 = Debug|Any CPU
		{9586C3D0-0285-4FB7-B9E2-35DE51D1BA47}.Release|Any CPU.ActiveCfg = Release|Any CPU
		{9586C3D0-0285-4FB7-B9E2-35DE51D1BA47}.Release|Any CPU.Build.0 = Release|Any CPU
		{A10A4B64-084C-4DA3-B088-E886949D5A49}.Debug|Any CPU.ActiveCfg = Debug|Any CPU
		{A10A4B64-084C-4DA3-B088-E886949D5A49}.Debug|Any CPU.Build.0 = Debug|Any CPU
		{A10A4B64-084C-4DA3-B088-E886949D5A49}.Release|Any CPU.ActiveCfg = Release|Any CPU
		{A10A4B64-084C-4DA3-B088-E886949D5A49}.Release|Any CPU.Build.0 = Release|Any CPU
	EndGlobalSection
	GlobalSection(SolutionProperties) = preSolution
		HideSolutionNode = FALSE
	EndGlobalSection
EndGlobal
